// !$*UTF8*$!
{
	archiveVersion = 1;
	classes = {
	};
	objectVersion = 56;
	objects = {

/* Begin PBXBuildFile section */
		A17EEC3E2A596F6A006E4544 /* AppDelegate.swift in Sources */ = {isa = PBXBuildFile; fileRef = A17EEC3D2A596F6A006E4544 /* AppDelegate.swift */; };
		A17EEC402A596F6A006E4544 /* SceneDelegate.swift in Sources */ = {isa = PBXBuildFile; fileRef = A17EEC3F2A596F6A006E4544 /* SceneDelegate.swift */; };
		A17EEC422A596F6A006E4544 /* ViewController.swift in Sources */ = {isa = PBXBuildFile; fileRef = A17EEC412A596F6A006E4544 /* ViewController.swift */; };
		A17EEC452A596F6A006E4544 /* Main.storyboard in Resources */ = {isa = PBXBuildFile; fileRef = A17EEC432A596F6A006E4544 /* Main.storyboard */; };
		A17EEC472A596F6B006E4544 /* Assets.xcassets in Resources */ = {isa = PBXBuildFile; fileRef = A17EEC462A596F6B006E4544 /* Assets.xcassets */; };
		A17EEC4A2A596F6B006E4544 /* LaunchScreen.storyboard in Resources */ = {isa = PBXBuildFile; fileRef = A17EEC482A596F6B006E4544 /* LaunchScreen.storyboard */; };
		A17EEC552A596F6B006E4544 /* DragerTests.swift in Sources */ = {isa = PBXBuildFile; fileRef = A17EEC542A596F6B006E4544 /* DragerTests.swift */; };
		A17EEC5F2A596F6B006E4544 /* DragerUITests.swift in Sources */ = {isa = PBXBuildFile; fileRef = A17EEC5E2A596F6B006E4544 /* DragerUITests.swift */; };
		A17EEC612A596F6B006E4544 /* DragerUITestsLaunchTests.swift in Sources */ = {isa = PBXBuildFile; fileRef = A17EEC602A596F6B006E4544 /* DragerUITestsLaunchTests.swift */; };
/* End PBXBuildFile section */

/* Begin PBXContainerItemProxy section */
		A17EEC512A596F6B006E4544 /* PBXContainerItemProxy */ = {
			isa = PBXContainerItemProxy;
			containerPortal = A17EEC322A596F6A006E4544 /* Project object */;
			proxyType = 1;
			remoteGlobalIDString = A17EEC392A596F6A006E4544;
			remoteInfo = Drager;
		};
		A17EEC5B2A596F6B006E4544 /* PBXContainerItemProxy */ = {
			isa = PBXContainerItemProxy;
			containerPortal = A17EEC322A596F6A006E4544 /* Project object */;
			proxyType = 1;
			remoteGlobalIDString = A17EEC392A596F6A006E4544;
			remoteInfo = Drager;
		};
/* End PBXContainerItemProxy section */

/* Begin PBXFileReference section */
		A17EEC3A2A596F6A006E4544 /* Drager.app */ = {isa = PBXFileReference; explicitFileType = wrapper.application; includeInIndex = 0; path = Drager.app; sourceTree = BUILT_PRODUCTS_DIR; };
		A17EEC3D2A596F6A006E4544 /* AppDelegate.swift */ = {isa = PBXFileReference; lastKnownFileType = sourcecode.swift; path = AppDelegate.swift; sourceTree = "<group>"; };
		A17EEC3F2A596F6A006E4544 /* SceneDelegate.swift */ = {isa = PBXFileReference; lastKnownFileType = sourcecode.swift; path = SceneDelegate.swift; sourceTree = "<group>"; };
		A17EEC412A596F6A006E4544 /* ViewController.swift */ = {isa = PBXFileReference; lastKnownFileType = sourcecode.swift; path = ViewController.swift; sourceTree = "<group>"; };
		A17EEC442A596F6A006E4544 /* Base */ = {isa = PBXFileReference; lastKnownFileType = file.storyboard; name = Base; path = Base.lproj/Main.storyboard; sourceTree = "<group>"; };
		A17EEC462A596F6B006E4544 /* Assets.xcassets */ = {isa = PBXFileReference; lastKnownFileType = folder.assetcatalog; path = Assets.xcassets; sourceTree = "<group>"; };
		A17EEC492A596F6B006E4544 /* Base */ = {isa = PBXFileReference; lastKnownFileType = file.storyboard; name = Base; path = Base.lproj/LaunchScreen.storyboard; sourceTree = "<group>"; };
		A17EEC4B2A596F6B006E4544 /* Info.plist */ = {isa = PBXFileReference; lastKnownFileType = text.plist.xml; path = Info.plist; sourceTree = "<group>"; };
		A17EEC502A596F6B006E4544 /* DragerTests.xctest */ = {isa = PBXFileReference; explicitFileType = wrapper.cfbundle; includeInIndex = 0; path = DragerTests.xctest; sourceTree = BUILT_PRODUCTS_DIR; };
		A17EEC542A596F6B006E4544 /* DragerTests.swift */ = {isa = PBXFileReference; lastKnownFileType = sourcecode.swift; path = DragerTests.swift; sourceTree = "<group>"; };
		A17EEC5A2A596F6B006E4544 /* DragerUITests.xctest */ = {isa = PBXFileReference; explicitFileType = wrapper.cfbundle; includeInIndex = 0; path = DragerUITests.xctest; sourceTree = BUILT_PRODUCTS_DIR; };
		A17EEC5E2A596F6B006E4544 /* DragerUITests.swift */ = {isa = PBXFileReference; lastKnownFileType = sourcecode.swift; path = DragerUITests.swift; sourceTree = "<group>"; };
		A17EEC602A596F6B006E4544 /* DragerUITestsLaunchTests.swift */ = {isa = PBXFileReference; lastKnownFileType = sourcecode.swift; path = DragerUITestsLaunchTests.swift; sourceTree = "<group>"; };
/* End PBXFileReference section */

/* Begin PBXFrameworksBuildPhase section */
		A17EEC372A596F6A006E4544 /* Frameworks */ = {
			isa = PBXFrameworksBuildPhase;
			buildActionMask = 2147483647;
			files = (
			);
			runOnlyForDeploymentPostprocessing = 0;
		};
		A17EEC4D2A596F6B006E4544 /* Frameworks */ = {
			isa = PBXFrameworksBuildPhase;
			buildActionMask = 2147483647;
			files = (
			);
			runOnlyForDeploymentPostprocessing = 0;
		};
		A17EEC572A596F6B006E4544 /* Frameworks */ = {
			isa = PBXFrameworksBuildPhase;
			buildActionMask = 2147483647;
			files = (
			);
			runOnlyForDeploymentPostprocessing = 0;
		};
/* End PBXFrameworksBuildPhase section */

/* Begin PBXGroup section */
		A17EEC312A596F6A006E4544 = {
			isa = PBXGroup;
			children = (
				A17EEC3C2A596F6A006E4544 /* Drager */,
				A17EEC532A596F6B006E4544 /* DragerTests */,
				A17EEC5D2A596F6B006E4544 /* DragerUITests */,
				A17EEC3B2A596F6A006E4544 /* Products */,
			);
			sourceTree = "<group>";
		};
		A17EEC3B2A596F6A006E4544 /* Products */ = {
			isa = PBXGroup;
			children = (
				A17EEC3A2A596F6A006E4544 /* Drager.app */,
				A17EEC502A596F6B006E4544 /* DragerTests.xctest */,
				A17EEC5A2A596F6B006E4544 /* DragerUITests.xctest */,
			);
			name = Products;
			sourceTree = "<group>";
		};
		A17EEC3C2A596F6A006E4544 /* Drager */ = {
			isa = PBXGroup;
			children = (
				A17EEC3D2A596F6A006E4544 /* AppDelegate.swift */,
				A17EEC3F2A596F6A006E4544 /* SceneDelegate.swift */,
				A17EEC412A596F6A006E4544 /* ViewController.swift */,
				A17EEC432A596F6A006E4544 /* Main.storyboard */,
				A17EEC462A596F6B006E4544 /* Assets.xcassets */,
				A17EEC482A596F6B006E4544 /* LaunchScreen.storyboard */,
				A17EEC4B2A596F6B006E4544 /* Info.plist */,
			);
			path = Drager;
			sourceTree = "<group>";
		};
		A17EEC532A596F6B006E4544 /* DragerTests */ = {
			isa = PBXGroup;
			children = (
				A17EEC542A596F6B006E4544 /* DragerTests.swift */,
			);
			path = DragerTests;
			sourceTree = "<group>";
		};
		A17EEC5D2A596F6B006E4544 /* DragerUITests */ = {
			isa = PBXGroup;
			children = (
				A17EEC5E2A596F6B006E4544 /* DragerUITests.swift */,
				A17EEC602A596F6B006E4544 /* DragerUITestsLaunchTests.swift */,
			);
			path = DragerUITests;
			sourceTree = "<group>";
		};
/* End PBXGroup section */

/* Begin PBXNativeTarget section */
		A17EEC392A596F6A006E4544 /* Drager */ = {
			isa = PBXNativeTarget;
			buildConfigurationList = A17EEC642A596F6B006E4544 /* Build configuration list for PBXNativeTarget "Drager" */;
			buildPhases = (
				A17EEC362A596F6A006E4544 /* Sources */,
				A17EEC372A596F6A006E4544 /* Frameworks */,
				A17EEC382A596F6A006E4544 /* Resources */,
			);
			buildRules = (
			);
			dependencies = (
			);
			name = Drager;
			productName = Drager;
			productReference = A17EEC3A2A596F6A006E4544 /* Drager.app */;
			productType = "com.apple.product-type.application";
		};
		A17EEC4F2A596F6B006E4544 /* DragerTests */ = {
			isa = PBXNativeTarget;
			buildConfigurationList = A17EEC672A596F6B006E4544 /* Build configuration list for PBXNativeTarget "DragerTests" */;
			buildPhases = (
				A17EEC4C2A596F6B006E4544 /* Sources */,
				A17EEC4D2A596F6B006E4544 /* Frameworks */,
				A17EEC4E2A596F6B006E4544 /* Resources */,
			);
			buildRules = (
			);
			dependencies = (
				A17EEC522A596F6B006E4544 /* PBXTargetDependency */,
			);
			name = DragerTests;
			productName = DragerTests;
			productReference = A17EEC502A596F6B006E4544 /* DragerTests.xctest */;
			productType = "com.apple.product-type.bundle.unit-test";
		};
		A17EEC592A596F6B006E4544 /* DragerUITests */ = {
			isa = PBXNativeTarget;
			buildConfigurationList = A17EEC6A2A596F6B006E4544 /* Build configuration list for PBXNativeTarget "DragerUITests" */;
			buildPhases = (
				A17EEC562A596F6B006E4544 /* Sources */,
				A17EEC572A596F6B006E4544 /* Frameworks */,
				A17EEC582A596F6B006E4544 /* Resources */,
			);
			buildRules = (
			);
			dependencies = (
				A17EEC5C2A596F6B006E4544 /* PBXTargetDependency */,
			);
			name = DragerUITests;
			productName = DragerUITests;
			productReference = A17EEC5A2A596F6B006E4544 /* DragerUITests.xctest */;
			productType = "com.apple.product-type.bundle.ui-testing";
		};
/* End PBXNativeTarget section */

/* Begin PBXProject section */
		A17EEC322A596F6A006E4544 /* Project object */ = {
			isa = PBXProject;
			attributes = {
				BuildIndependentTargetsInParallel = 1;
				LastSwiftUpdateCheck = 1430;
				LastUpgradeCheck = 1430;
				TargetAttributes = {
					A17EEC392A596F6A006E4544 = {
						CreatedOnToolsVersion = 14.3.1;
					};
					A17EEC4F2A596F6B006E4544 = {
						CreatedOnToolsVersion = 14.3.1;
						TestTargetID = A17EEC392A596F6A006E4544;
					};
					A17EEC592A596F6B006E4544 = {
						CreatedOnToolsVersion = 14.3.1;
						TestTargetID = A17EEC392A596F6A006E4544;
					};
				};
			};
			buildConfigurationList = A17EEC352A596F6A006E4544 /* Build configuration list for PBXProject "Drager" */;
			compatibilityVersion = "Xcode 14.0";
			developmentRegion = en;
			hasScannedForEncodings = 0;
			knownRegions = (
				en,
				Base,
			);
			mainGroup = A17EEC312A596F6A006E4544;
			productRefGroup = A17EEC3B2A596F6A006E4544 /* Products */;
			projectDirPath = "";
			projectRoot = "";
			targets = (
				A17EEC392A596F6A006E4544 /* Drager */,
				A17EEC4F2A596F6B006E4544 /* DragerTests */,
				A17EEC592A596F6B006E4544 /* DragerUITests */,
			);
		};
/* End PBXProject section */

/* Begin PBXResourcesBuildPhase section */
		A17EEC382A596F6A006E4544 /* Resources */ = {
			isa = PBXResourcesBuildPhase;
			buildActionMask = 2147483647;
			files = (
				A17EEC4A2A596F6B006E4544 /* LaunchScreen.storyboard in Resources */,
				A17EEC472A596F6B006E4544 /* Assets.xcassets in Resources */,
				A17EEC452A596F6A006E4544 /* Main.storyboard in Resources */,
			);
			runOnlyForDeploymentPostprocessing = 0;
		};
		A17EEC4E2A596F6B006E4544 /* Resources */ = {
			isa = PBXResourcesBuildPhase;
			buildActionMask = 2147483647;
			files = (
			);
			runOnlyForDeploymentPostprocessing = 0;
		};
		A17EEC582A596F6B006E4544 /* Resources */ = {
			isa = PBXResourcesBuildPhase;
			buildActionMask = 2147483647;
			files = (
			);
			runOnlyForDeploymentPostprocessing = 0;
		};
/* End PBXResourcesBuildPhase section */

/* Begin PBXSourcesBuildPhase section */
		A17EEC362A596F6A006E4544 /* Sources */ = {
			isa = PBXSourcesBuildPhase;
			buildActionMask = 2147483647;
			files = (
				A17EEC422A596F6A006E4544 /* ViewController.swift in Sources */,
				A17EEC3E2A596F6A006E4544 /* AppDelegate.swift in Sources */,
				A17EEC402A596F6A006E4544 /* SceneDelegate.swift in Sources */,
			);
			runOnlyForDeploymentPostprocessing = 0;
		};
		A17EEC4C2A596F6B006E4544 /* Sources */ = {
			isa = PBXSourcesBuildPhase;
			buildActionMask = 2147483647;
			files = (
				A17EEC552A596F6B006E4544 /* DragerTests.swift in Sources */,
			);
			runOnlyForDeploymentPostprocessing = 0;
		};
		A17EEC562A596F6B006E4544 /* Sources */ = {
			isa = PBXSourcesBuildPhase;
			buildActionMask = 2147483647;
			files = (
				A17EEC5F2A596F6B006E4544 /* DragerUITests.swift in Sources */,
				A17EEC612A596F6B006E4544 /* DragerUITestsLaunchTests.swift in Sources */,
			);
			runOnlyForDeploymentPostprocessing = 0;
		};
/* End PBXSourcesBuildPhase section */

/* Begin PBXTargetDependency section */
		A17EEC522A596F6B006E4544 /* PBXTargetDependency */ = {
			isa = PBXTargetDependency;
			target = A17EEC392A596F6A006E4544 /* Drager */;
			targetProxy = A17EEC512A596F6B006E4544 /* PBXContainerItemProxy */;
		};
		A17EEC5C2A596F6B006E4544 /* PBXTargetDependency */ = {
			isa = PBXTargetDependency;
			target = A17EEC392A596F6A006E4544 /* Drager */;
			targetProxy = A17EEC5B2A596F6B006E4544 /* PBXContainerItemProxy */;
		};
/* End PBXTargetDependency section */

/* Begin PBXVariantGroup section */
		A17EEC432A596F6A006E4544 /* Main.storyboard */ = {
			isa = PBXVariantGroup;
			children = (
				A17EEC442A596F6A006E4544 /* Base */,
			);
			name = Main.storyboard;
			sourceTree = "<group>";
		};
		A17EEC482A596F6B006E4544 /* LaunchScreen.storyboard */ = {
			isa = PBXVariantGroup;
			children = (
				A17EEC492A596F6B006E4544 /* Base */,
			);
			name = LaunchScreen.storyboard;
			sourceTree = "<group>";
		};
/* End PBXVariantGroup section */

/* Begin XCBuildConfiguration section */
		A17EEC622A596F6B006E4544 /* Debug */ = {
			isa = XCBuildConfiguration;
			buildSettings = {
				ALWAYS_SEARCH_USER_PATHS = NO;
				CLANG_ANALYZER_NONNULL = YES;
				CLANG_ANALYZER_NUMBER_OBJECT_CONVERSION = YES_AGGRESSIVE;
				CLANG_CXX_LANGUAGE_STANDARD = "gnu++20";
				CLANG_ENABLE_MODULES = YES;
				CLANG_ENABLE_OBJC_ARC = YES;
				CLANG_ENABLE_OBJC_WEAK = YES;
				CLANG_WARN_BLOCK_CAPTURE_AUTORELEASING = YES;
				CLANG_WARN_BOOL_CONVERSION = YES;
				CLANG_WARN_COMMA = YES;
				CLANG_WARN_CONSTANT_CONVERSION = YES;
				CLANG_WARN_DEPRECATED_OBJC_IMPLEMENTATIONS = YES;
				CLANG_WARN_DIRECT_OBJC_ISA_USAGE = YES_ERROR;
				CLANG_WARN_DOCUMENTATION_COMMENTS = YES;
				CLANG_WARN_EMPTY_BODY = YES;
				CLANG_WARN_ENUM_CONVERSION = YES;
				CLANG_WARN_INFINITE_RECURSION = YES;
				CLANG_WARN_INT_CONVERSION = YES;
				CLANG_WARN_NON_LITERAL_NULL_CONVERSION = YES;
				CLANG_WARN_OBJC_IMPLICIT_RETAIN_SELF = YES;
				CLANG_WARN_OBJC_LITERAL_CONVERSION = YES;
				CLANG_WARN_OBJC_ROOT_CLASS = YES_ERROR;
				CLANG_WARN_QUOTED_INCLUDE_IN_FRAMEWORK_HEADER = YES;
				CLANG_WARN_RANGE_LOOP_ANALYSIS = YES;
				CLANG_WARN_STRICT_PROTOTYPES = YES;
				CLANG_WARN_SUSPICIOUS_MOVE = YES;
				CLANG_WARN_UNGUARDED_AVAILABILITY = YES_AGGRESSIVE;
				CLANG_WARN_UNREACHABLE_CODE = YES;
				CLANG_WARN__DUPLICATE_METHOD_MATCH = YES;
				COPY_PHASE_STRIP = NO;
				DEBUG_INFORMATION_FORMAT = dwarf;
				ENABLE_STRICT_OBJC_MSGSEND = YES;
				ENABLE_TESTABILITY = YES;
				GCC_C_LANGUAGE_STANDARD = gnu11;
				GCC_DYNAMIC_NO_PIC = NO;
				GCC_NO_COMMON_BLOCKS = YES;
				GCC_OPTIMIZATION_LEVEL = 0;
				GCC_PREPROCESSOR_DEFINITIONS = (
					"DEBUG=1",
					"$(inherited)",
				);
				GCC_WARN_64_TO_32_BIT_CONVERSION = YES;
				GCC_WARN_ABOUT_RETURN_TYPE = YES_ERROR;
				GCC_WARN_UNDECLARED_SELECTOR = YES;
				GCC_WARN_UNINITIALIZED_AUTOS = YES_AGGRESSIVE;
				GCC_WARN_UNUSED_FUNCTION = YES;
				GCC_WARN_UNUSED_VARIABLE = YES;
				IPHONEOS_DEPLOYMENT_TARGET = 16.4;
				MTL_ENABLE_DEBUG_INFO = INCLUDE_SOURCE;
				MTL_FAST_MATH = YES;
				ONLY_ACTIVE_ARCH = YES;
				SDKROOT = iphoneos;
				SWIFT_ACTIVE_COMPILATION_CONDITIONS = DEBUG;
				SWIFT_OPTIMIZATION_LEVEL = "-Onone";
			};
			name = Debug;
		};
		A17EEC632A596F6B006E4544 /* Release */ = {
			isa = XCBuildConfiguration;
			buildSettings = {
				ALWAYS_SEARCH_USER_PATHS = NO;
				CLANG_ANALYZER_NONNULL = YES;
				CLANG_ANALYZER_NUMBER_OBJECT_CONVERSION = YES_AGGRESSIVE;
				CLANG_CXX_LANGUAGE_STANDARD = "gnu++20";
				CLANG_ENABLE_MODULES = YES;
				CLANG_ENABLE_OBJC_ARC = YES;
				CLANG_ENABLE_OBJC_WEAK = YES;
				CLANG_WARN_BLOCK_CAPTURE_AUTORELEASING = YES;
				CLANG_WARN_BOOL_CONVERSION = YES;
				CLANG_WARN_COMMA = YES;
				CLANG_WARN_CONSTANT_CONVERSION = YES;
				CLANG_WARN_DEPRECATED_OBJC_IMPLEMENTATIONS = YES;
				CLANG_WARN_DIRECT_OBJC_ISA_USAGE = YES_ERROR;
				CLANG_WARN_DOCUMENTATION_COMMENTS = YES;
				CLANG_WARN_EMPTY_BODY = YES;
				CLANG_WARN_ENUM_CONVERSION = YES;
				CLANG_WARN_INFINITE_RECURSION = YES;
				CLANG_WARN_INT_CONVERSION = YES;
				CLANG_WARN_NON_LITERAL_NULL_CONVERSION = YES;
				CLANG_WARN_OBJC_IMPLICIT_RETAIN_SELF = YES;
				CLANG_WARN_OBJC_LITERAL_CONVERSION = YES;
				CLANG_WARN_OBJC_ROOT_CLASS = YES_ERROR;
				CLANG_WARN_QUOTED_INCLUDE_IN_FRAMEWORK_HEADER = YES;
				CLANG_WARN_RANGE_LOOP_ANALYSIS = YES;
				CLANG_WARN_STRICT_PROTOTYPES = YES;
				CLANG_WARN_SUSPICIOUS_MOVE = YES;
				CLANG_WARN_UNGUARDED_AVAILABILITY = YES_AGGRESSIVE;
				CLANG_WARN_UNREACHABLE_CODE = YES;
				CLANG_WARN__DUPLICATE_METHOD_MATCH = YES;
				COPY_PHASE_STRIP = NO;
				DEBUG_INFORMATION_FORMAT = "dwarf-with-dsym";
				ENABLE_NS_ASSERTIONS = NO;
				ENABLE_STRICT_OBJC_MSGSEND = YES;
				GCC_C_LANGUAGE_STANDARD = gnu11;
				GCC_NO_COMMON_BLOCKS = YES;
				GCC_WARN_64_TO_32_BIT_CONVERSION = YES;
				GCC_WARN_ABOUT_RETURN_TYPE = YES_ERROR;
				GCC_WARN_UNDECLARED_SELECTOR = YES;
				GCC_WARN_UNINITIALIZED_AUTOS = YES_AGGRESSIVE;
				GCC_WARN_UNUSED_FUNCTION = YES;
				GCC_WARN_UNUSED_VARIABLE = YES;
				IPHONEOS_DEPLOYMENT_TARGET = 16.4;
				MTL_ENABLE_DEBUG_INFO = NO;
				MTL_FAST_MATH = YES;
				SDKROOT = iphoneos;
				SWIFT_COMPILATION_MODE = wholemodule;
				SWIFT_OPTIMIZATION_LEVEL = "-O";
				VALIDATE_PRODUCT = YES;
			};
			name = Release;
		};
		A17EEC652A596F6B006E4544 /* Debug */ = {
			isa = XCBuildConfiguration;
			buildSettings = {
				ASSETCATALOG_COMPILER_APPICON_NAME = AppIcon;
				ASSETCATALOG_COMPILER_GLOBAL_ACCENT_COLOR_NAME = AccentColor;
				CODE_SIGN_STYLE = Automatic;
				CURRENT_PROJECT_VERSION = 1;
				GENERATE_INFOPLIST_FILE = YES;
				INFOPLIST_FILE = Drager/Info.plist;
				INFOPLIST_KEY_UIApplicationSupportsIndirectInputEvents = YES;
				INFOPLIST_KEY_UILaunchStoryboardName = LaunchScreen;
				INFOPLIST_KEY_UIMainStoryboardFile = Main;
				INFOPLIST_KEY_UISupportedInterfaceOrientations_iPad = "UIInterfaceOrientationPortrait UIInterfaceOrientationPortraitUpsideDown UIInterfaceOrientationLandscapeLeft UIInterfaceOrientationLandscapeRight";
				INFOPLIST_KEY_UISupportedInterfaceOrientations_iPhone = "UIInterfaceOrientationPortrait UIInterfaceOrientationLandscapeLeft UIInterfaceOrientationLandscapeRight";
				LD_RUNPATH_SEARCH_PATHS = (
					"$(inherited)",
					"@executable_path/Frameworks",
				);
				MARKETING_VERSION = 1.0;
				PRODUCT_BUNDLE_IDENTIFIER = com.andy.www.Drager;
				PRODUCT_NAME = "$(TARGET_NAME)";
				SWIFT_EMIT_LOC_STRINGS = YES;
				SWIFT_VERSION = 5.0;
				TARGETED_DEVICE_FAMILY = "1,2";
			};
			name = Debug;
		};
		A17EEC662A596F6B006E4544 /* Release */ = {
			isa = XCBuildConfiguration;
			buildSettings = {
				ASSETCATALOG_COMPILER_APPICON_NAME = AppIcon;
				ASSETCATALOG_COMPILER_GLOBAL_ACCENT_COLOR_NAME = AccentColor;
				CODE_SIGN_STYLE = Automatic;
				CURRENT_PROJECT_VERSION = 1;
				GENERATE_INFOPLIST_FILE = YES;
				INFOPLIST_FILE = Drager/Info.plist;
				INFOPLIST_KEY_UIApplicationSupportsIndirectInputEvents = YES;
				INFOPLIST_KEY_UILaunchStoryboardName = LaunchScreen;
				INFOPLIST_KEY_UIMainStoryboardFile = Main;
				INFOPLIST_KEY_UISupportedInterfaceOrientations_iPad = "UIInterfaceOrientationPortrait UIInterfaceOrientationPortraitUpsideDown UIInterfaceOrientationLandscapeLeft UIInterfaceOrientationLandscapeRight";
				INFOPLIST_KEY_UISupportedInterfaceOrientations_iPhone = "UIInterfaceOrientationPortrait UIInterfaceOrientationLandscapeLeft UIInterfaceOrientationLandscapeRight";
				LD_RUNPATH_SEARCH_PATHS = (
					"$(inherited)",
					"@executable_path/Frameworks",
				);
				MARKETING_VERSION = 1.0;
				PRODUCT_BUNDLE_IDENTIFIER = com.andy.www.Drager;
				PRODUCT_NAME = "$(TARGET_NAME)";
				SWIFT_EMIT_LOC_STRINGS = YES;
				SWIFT_VERSION = 5.0;
				TARGETED_DEVICE_FAMILY = "1,2";
			};
			name = Release;
		};
		A17EEC682A596F6B006E4544 /* Debug */ = {
			isa = XCBuildConfiguration;
			buildSettings = {
				ALWAYS_EMBED_SWIFT_STANDARD_LIBRARIES = YES;
				BUNDLE_LOADER = "$(TEST_HOST)";
				CODE_SIGN_STYLE = Automatic;
				CURRENT_PROJECT_VERSION = 1;
				GENERATE_INFOPLIST_FILE = YES;
				IPHONEOS_DEPLOYMENT_TARGET = 16.4;
				MARKETING_VERSION = 1.0;
				PRODUCT_BUNDLE_IDENTIFIER = com.andy.www.DragerTests;
				PRODUCT_NAME = "$(TARGET_NAME)";
				SWIFT_EMIT_LOC_STRINGS = NO;
				SWIFT_VERSION = 5.0;
				TARGETED_DEVICE_FAMILY = "1,2";
				TEST_HOST = "$(BUILT_PRODUCTS_DIR)/Drager.app/$(BUNDLE_EXECUTABLE_FOLDER_PATH)/Drager";
			};
			name = Debug;
		};
		A17EEC692A596F6B006E4544 /* Release */ = {
			isa = XCBuildConfiguration;
			buildSettings = {
				ALWAYS_EMBED_SWIFT_STANDARD_LIBRARIES = YES;
				BUNDLE_LOADER = "$(TEST_HOST)";
				CODE_SIGN_STYLE = Automatic;
				CURRENT_PROJECT_VERSION = 1;
				GENERATE_INFOPLIST_FILE = YES;
				IPHONEOS_DEPLOYMENT_TARGET = 16.4;
				MARKETING_VERSION = 1.0;
				PRODUCT_BUNDLE_IDENTIFIER = com.andy.www.DragerTests;
				PRODUCT_NAME = "$(TARGET_NAME)";
				SWIFT_EMIT_LOC_STRINGS = NO;
				SWIFT_VERSION = 5.0;
				TARGETED_DEVICE_FAMILY = "1,2";
				TEST_HOST = "$(BUILT_PRODUCTS_DIR)/Drager.app/$(BUNDLE_EXECUTABLE_FOLDER_PATH)/Drager";
			};
			name = Release;
		};
		A17EEC6B2A596F6B006E4544 /* Debug */ = {
			isa = XCBuildConfiguration;
			buildSettings = {
				ALWAYS_EMBED_SWIFT_STANDARD_LIBRARIES = YES;
				CODE_SIGN_STYLE = Automatic;
				CURRENT_PROJECT_VERSION = 1;
				GENERATE_INFOPLIST_FILE = YES;
				MARKETING_VERSION = 1.0;
				PRODUCT_BUNDLE_IDENTIFIER = com.andy.www.DragerUITests;
				PRODUCT_NAME = "$(TARGET_NAME)";
				SWIFT_EMIT_LOC_STRINGS = NO;
				SWIFT_VERSION = 5.0;
				TARGETED_DEVICE_FAMILY = "1,2";
				TEST_TARGET_NAME = Drager;
			};
			name = Debug;
		};
		A17EEC6C2A596F6B006E4544 /* Release */ = {
			isa = XCBuildConfiguration;
			buildSettings = {
				ALWAYS_EMBED_SWIFT_STANDARD_LIBRARIES = YES;
				CODE_SIGN_STYLE = Automatic;
				CURRENT_PROJECT_VERSION = 1;
				GENERATE_INFOPLIST_FILE = YES;
				MARKETING_VERSION = 1.0;
				PRODUCT_BUNDLE_IDENTIFIER = com.andy.www.DragerUITests;
				PRODUCT_NAME = "$(TARGET_NAME)";
				SWIFT_EMIT_LOC_STRINGS = NO;
				SWIFT_VERSION = 5.0;
				TARGETED_DEVICE_FAMILY = "1,2";
				TEST_TARGET_NAME = Drager;
			};
			name = Release;
		};
/* End XCBuildConfiguration section */

/* Begin XCConfigurationList section */
		A17EEC352A596F6A006E4544 /* Build configuration list for PBXProject "Drager" */ = {
			isa = XCConfigurationList;
			buildConfigurations = (
				A17EEC622A596F6B006E4544 /* Debug */,
				A17EEC632A596F6B006E4544 /* Release */,
			);
			defaultConfigurationIsVisible = 0;
			defaultConfigurationName = Release;
		};
		A17EEC642A596F6B006E4544 /* Build configuration list for PBXNativeTarget "Drager" */ = {
			isa = XCConfigurationList;
			buildConfigurations = (
				A17EEC652A596F6B006E4544 /* Debug */,
				A17EEC662A596F6B006E4544 /* Release */,
			);
			defaultConfigurationIsVisible = 0;
			defaultConfigurationName = Release;
		};
		A17EEC672A596F6B006E4544 /* Build configuration list for PBXNativeTarget "DragerTests" */ = {
			isa = XCConfigurationList;
			buildConfigurations = (
				A17EEC682A596F6B006E4544 /* Debug */,
				A17EEC692A596F6B006E4544 /* Release */,
			);
			defaultConfigurationIsVisible = 0;
			defaultConfigurationName = Release;
		};
		A17EEC6A2A596F6B006E4544 /* Build configuration list for PBXNativeTarget "DragerUITests" */ = {
			isa = XCConfigurationList;
			buildConfigurations = (
				A17EEC6B2A596F6B006E4544 /* Debug */,
				A17EEC6C2A596F6B006E4544 /* Release */,
			);
			defaultConfigurationIsVisible = 0;
			defaultConfigurationName = Release;
		};
/* End XCConfigurationList section */
	};
	rootObject = A17EEC322A596F6A006E4544 /* Project object */;
}
